
Microsoft Visual Studio Solution File, Format Version 12.00
# Visual Studio Version 16
VisualStudioVersion = 16.0.32126.315
MinimumVisualStudioVersion = 10.0.40219.1
Project("{9A19103F-16F7-4668-BE54-9A1E7A4F7556}") = "GraphViz", "GraphViz\GraphViz.csproj", "{9363A4DD-88CD-4CE6-A593-F583272359D6}"
EndProject
Project("{FAE04EC0-301F-11D3-BF4B-00C04F79EFBC}") = "Graph", "Graph\Graph.csproj", "{109B15D3-FBA6-45CD-B5FC-0AB3205012DA}"
EndProject
Global
	GlobalSection(SolutionConfigurationPlatforms) = preSolution
		Debug|Any CPU = Debug|Any CPU
		Debug|x64 = Debug|x64
		Debug|x86 = Debug|x86
		Release|Any CPU = Release|Any CPU
		Release|x64 = Release|x64
		Release|x86 = Release|x86
	EndGlobalSection
	GlobalSection(ProjectConfigurationPlatforms) = postSolution
		{9363A4DD-88CD-4CE6-A593-F583272359D6}.Debug|Any CPU.ActiveCfg = Debug|Any CPU
		{9363A4DD-88CD-4CE6-A593-F583272359D6}.Debug|Any CPU.Build.0 = Debug|Any CPU
		{9363A4DD-88CD-4CE6-A593-F583272359D6}.Debug|x64.ActiveCfg = Debug|Any CPU
		{9363A4DD-88CD-4CE6-A593-F583272359D6}.Debug|x64.Build.0 = Debug|Any CPU
		{9363A4DD-88CD-4CE6-A593-F583272359D6}.Debug|x86.ActiveCfg = Debug|Any CPU
		{9363A4DD-88CD-4CE6-A593-F583272359D6}.Debug|x86.Build.0 = Debug|Any CPU
		{9363A4DD-88CD-4CE6-A593-F583272359D6}.Release|Any CPU.ActiveCfg = Release|Any CPU
		{9363A4DD-88CD-4CE6-A593-F583272359D6}.Release|Any CPU.Build.0 = Release|Any CPU
		{9363A4DD-88CD-4CE6-A593-F583272359D6}.Release|x64.ActiveCfg = Release|Any CPU
		{9363A4DD-88CD-4CE6-A593-F583272359D6}.Release|x64.Build.0 = Release|Any CPU
		{9363A4DD-88CD-4CE6-A593-F583272359D6}.Release|x86.ActiveCfg = Release|Any CPU
		{9363A4DD-88CD-4CE6-A593-F583272359D6}.Release|x86.Build.0 = Release|Any CPU
		{109B15D3-FBA6-45CD-B5FC-0AB3205012DA}.Debug|Any CPU.ActiveCfg = Debug|Any CPU
		{109B15D3-FBA6-45CD-B5FC-0AB3205012DA}.Debug|Any CPU.Build.0 = Debug|Any CPU
		{109B15D3-FBA6-45CD-B5FC-0AB3205012DA}.Debug|x64.ActiveCfg = Debug|Any CPU
		{109B15D3-FBA6-45CD-B5FC-0AB3205012DA}.Debug|x64.Build.0 = Debug|Any CPU
		{109B15D3-FBA6-45CD-B5FC-0AB3205012DA}.Debug|x86.ActiveCfg = Debug|Any CPU
		{109B15D3-FBA6-45CD-B5FC-0AB3205012DA}.Debug|x86.Build.0 = Debug|Any CPU
		{109B15D3-FBA6-45CD-B5FC-0AB3205012DA}.Release|Any CPU.ActiveCfg = Release|Any CPU
		{109B15D3-FBA6-45CD-B5FC-0AB3205012DA}.Release|Any CPU.Build.0 = Release|Any CPU
		{109B15D3-FBA6-45CD-B5FC-0AB3205012DA}.Release|x64.ActiveCfg = Release|Any CPU
		{109B15D3-FBA6-45CD-B5FC-0AB3205012DA}.Release|x64.Build.0 = Release|Any CPU
		{109B15D3-FBA6-45CD-B5FC-0AB3205012DA}.Release|x86.ActiveCfg = Release|Any CPU
		{109B15D3-FBA6-45CD-B5FC-0AB3205012DA}.Release|x86.Build.0 = Release|Any CPU
	EndGlobalSection
	GlobalSection(SolutionProperties) = preSolution
		HideSolutionNode = FALSE
	EndGlobalSection
	GlobalSection(ExtensibilityGlobals) = postSolution
		SolutionGuid = {0DEA4423-6897-4A62-8DE8-AD0E89A6F985}
	EndGlobalSection
EndGlobal
